Microsoft Visual Studio Solution File, Format Version 11.00
# Visual Studio 2008

Project("{A75687A6-98B7-9346-A1F1-A81B3BAB5538}") = "SEdefense", "Assembly-CSharp.csproj", "{F42F83C7-AD6C-2315-9201-9E1234C4FEF1}"
EndProject
Global
	GlobalSection(SolutionConfigurationPlatforms) = preSolution
		Debug|Any CPU = Debug|Any CPU
		Release|Any CPU = Release|Any CPU
	EndGlobalSection
	GlobalSection(ProjectConfigurationPlatforms) = postSolution
		{F42F83C7-AD6C-2315-9201-9E1234C4FEF1}.Debug|Any CPU.ActiveCfg = Debug|Any CPU
		{F42F83C7-AD6C-2315-9201-9E1234C4FEF1}.Debug|Any CPU.Build.0 = Debug|Any CPU
		{F42F83C7-AD6C-2315-9201-9E1234C4FEF1}.Release|Any CPU.ActiveCfg = Release|Any CPU
		{F42F83C7-AD6C-2315-9201-9E1234C4FEF1}.Release|Any CPU.Build.0 = Release|Any CPU
	EndGlobalSection
	GlobalSection(SolutionProperties) = preSolution
		HideSolutionNode = FALSE
	EndGlobalSection
	GlobalSection(MonoDevelopProperties) = preSolution
		StartupItem = Assembly-CSharp.csproj
	EndGlobalSection
EndGlobal
